
Microsoft Visual Studio Solution File, Format Version 11.00
# Visual Studio 2010
Project("{FAE04EC0-301F-11D3-BF4B-00C04F79EFBC}") = "CulturezVous.WP7", "CulturezVous.WP7\CulturezVous.WP7.csproj", "{2940F639-C6D3-4232-A3DF-C955F7C39032}"
EndProject
Project("{FAE04EC0-301F-11D3-BF4B-00C04F79EFBC}") = "CulturezVous.Data", "CulturezVous.Data\CulturezVous.Data.csproj", "{5AC5B730-48A0-4BD1-90B7-0F7A5CF17794}"
EndProject
Project("{FAE04EC0-301F-11D3-BF4B-00C04F79EFBC}") = "CulturezVous.TileUpdateAgent", "CulturezVous.TileUpdateAgent\CulturezVous.TileUpdateAgent.csproj", "{2EAA0855-D8A7-4CCC-86DB-AC7FCAD99E02}"
EndProject
Global
	GlobalSection(SolutionConfigurationPlatforms) = preSolution
		Debug|Any CPU = Debug|Any CPU
		Release|Any CPU = Release|Any CPU
	EndGlobalSection
	GlobalSection(ProjectConfigurationPlatforms) = postSolution
		{2940F639-C6D3-4232-A3DF-C955F7C39032}.Debug|Any CPU.ActiveCfg = Debug|Any CPU
		{2940F639-C6D3-4232-A3DF-C955F7C39032}.Debug|Any CPU.Build.0 = Debug|Any CPU
		{2940F639-C6D3-4232-A3DF-C955F7C39032}.Debug|Any CPU.Deploy.0 = Debug|Any CPU
		{2940F639-C6D3-4232-A3DF-C955F7C39032}.Release|Any CPU.ActiveCfg = Release|Any CPU
		{2940F639-C6D3-4232-A3DF-C955F7C39032}.Release|Any CPU.Build.0 = Release|Any CPU
		{2940F639-C6D3-4232-A3DF-C955F7C39032}.Release|Any CPU.Deploy.0 = Release|Any CPU
		{5AC5B730-48A0-4BD1-90B7-0F7A5CF17794}.Debug|Any CPU.ActiveCfg = Debug|Any CPU
		{5AC5B730-48A0-4BD1-90B7-0F7A5CF17794}.Debug|Any CPU.Build.0 = Debug|Any CPU
		{5AC5B730-48A0-4BD1-90B7-0F7A5CF17794}.Release|Any CPU.ActiveCfg = Release|Any CPU
		{5AC5B730-48A0-4BD1-90B7-0F7A5CF17794}.Release|Any CPU.Build.0 = Release|Any CPU
		{2EAA0855-D8A7-4CCC-86DB-AC7FCAD99E02}.Debug|Any CPU.ActiveCfg = Debug|Any CPU
		{2EAA0855-D8A7-4CCC-86DB-AC7FCAD99E02}.Debug|Any CPU.Build.0 = Debug|Any CPU
		{2EAA0855-D8A7-4CCC-86DB-AC7FCAD99E02}.Release|Any CPU.ActiveCfg = Release|Any CPU
		{2EAA0855-D8A7-4CCC-86DB-AC7FCAD99E02}.Release|Any CPU.Build.0 = Release|Any CPU
	EndGlobalSection
	GlobalSection(SolutionProperties) = preSolution
		HideSolutionNode = FALSE
	EndGlobalSection
EndGlobal
