// !$*UTF8*$!
{
	archiveVersion = 1;
	classes = {
	};
	objectVersion = 46;
	objects = {

/* Begin PBXBuildFile section */
		33D81EF61640712A00E531B4 /* ElementTableViewCell.m in Sources */ = {isa = PBXBuildFile; fileRef = 33D81EF21640712A00E531B4 /* ElementTableViewCell.m */; };
		33D81EF71640712A00E531B4 /* HomeTableViewController.m in Sources */ = {isa = PBXBuildFile; fileRef = 33D81EF41640712A00E531B4 /* HomeTableViewController.m */; };
		33D81EF81640712A00E531B4 /* Storyboard_iPhone.storyboard in Resources */ = {isa = PBXBuildFile; fileRef = 33D81EF51640712A00E531B4 /* Storyboard_iPhone.storyboard */; };
		33D81EFB1640715500E531B4 /* ElementManager.m in Sources */ = {isa = PBXBuildFile; fileRef = 33D81EFA1640715500E531B4 /* ElementManager.m */; };
		33D81EFE164075A800E531B4 /* DetailViewController.m in Sources */ = {isa = PBXBuildFile; fileRef = 33D81EFD164075A800E531B4 /* DetailViewController.m */; };
		33E4CC52163433E1000693F4 /* UIKit.framework in Frameworks */ = {isa = PBXBuildFile; fileRef = 33E4CC51163433E1000693F4 /* UIKit.framework */; };
		33E4CC54163433E1000693F4 /* Foundation.framework in Frameworks */ = {isa = PBXBuildFile; fileRef = 33E4CC53163433E1000693F4 /* Foundation.framework */; };
		33E4CC56163433E1000693F4 /* CoreGraphics.framework in Frameworks */ = {isa = PBXBuildFile; fileRef = 33E4CC55163433E1000693F4 /* CoreGraphics.framework */; };
		33E4CC58163433E1000693F4 /* CoreData.framework in Frameworks */ = {isa = PBXBuildFile; fileRef = 33E4CC57163433E1000693F4 /* CoreData.framework */; };
		33E4CC5E163433E1000693F4 /* InfoPlist.strings in Resources */ = {isa = PBXBuildFile; fileRef = 33E4CC5C163433E1000693F4 /* InfoPlist.strings */; };
		33E4CC60163433E1000693F4 /* main.m in Sources */ = {isa = PBXBuildFile; fileRef = 33E4CC5F163433E1000693F4 /* main.m */; };
		33E4CC64163433E1000693F4 /* AppDelegate.m in Sources */ = {isa = PBXBuildFile; fileRef = 33E4CC63163433E1000693F4 /* AppDelegate.m */; };
		33E4CC66163433E1000693F4 /* Default.png in Resources */ = {isa = PBXBuildFile; fileRef = 33E4CC65163433E1000693F4 /* Default.png */; };
		33E4CC68163433E1000693F4 /* Default@2x.png in Resources */ = {isa = PBXBuildFile; fileRef = 33E4CC67163433E1000693F4 /* Default@2x.png */; };
		33E4CC6A163433E1000693F4 /* Default-568h@2x.png in Resources */ = {isa = PBXBuildFile; fileRef = 33E4CC69163433E1000693F4 /* Default-568h@2x.png */; };
		33E4CC6D163433E1000693F4 /* Culturez_Vous.xcdatamodeld in Sources */ = {isa = PBXBuildFile; fileRef = 33E4CC6B163433E1000693F4 /* Culturez_Vous.xcdatamodeld */; };
		33E4CC8516343B77000693F4 /* Contrepeterie.m in Sources */ = {isa = PBXBuildFile; fileRef = 33E4CC8416343B77000693F4 /* Contrepeterie.m */; };
		33E4CC8816343B77000693F4 /* Element.m in Sources */ = {isa = PBXBuildFile; fileRef = 33E4CC8716343B77000693F4 /* Element.m */; };
		33E4CC8B16343B77000693F4 /* Definition.m in Sources */ = {isa = PBXBuildFile; fileRef = 33E4CC8A16343B77000693F4 /* Definition.m */; };
		33E4CC8E16343B77000693F4 /* Word.m in Sources */ = {isa = PBXBuildFile; fileRef = 33E4CC8D16343B77000693F4 /* Word.m */; };
/* End PBXBuildFile section */

/* Begin PBXFileReference section */
		33D81EF11640712A00E531B4 /* ElementTableViewCell.h */ = {isa = PBXFileReference; fileEncoding = 4; lastKnownFileType = sourcecode.c.h; name = ElementTableViewCell.h; path = Views/ElementTableViewCell.h; sourceTree = "<group>"; };
		33D81EF21640712A00E531B4 /* ElementTableViewCell.m */ = {isa = PBXFileReference; fileEncoding = 4; lastKnownFileType = sourcecode.c.objc; name = ElementTableViewCell.m; path = Views/ElementTableViewCell.m; sourceTree = "<group>"; };
		33D81EF31640712A00E531B4 /* HomeTableViewController.h */ = {isa = PBXFileReference; fileEncoding = 4; lastKnownFileType = sourcecode.c.h; name = HomeTableViewController.h; path = Views/HomeTableViewController.h; sourceTree = "<group>"; };
		33D81EF41640712A00E531B4 /* HomeTableViewController.m */ = {isa = PBXFileReference; fileEncoding = 4; lastKnownFileType = sourcecode.c.objc; name = HomeTableViewController.m; path = Views/HomeTableViewController.m; sourceTree = "<group>"; };
		33D81EF51640712A00E531B4 /* Storyboard_iPhone.storyboard */ = {isa = PBXFileReference; fileEncoding = 4; lastKnownFileType = file.storyboard; name = Storyboard_iPhone.storyboard; path = Views/Storyboard_iPhone.storyboard; sourceTree = "<group>"; };
		33D81EF91640715500E531B4 /* ElementManager.h */ = {isa = PBXFileReference; fileEncoding = 4; lastKnownFileType = sourcecode.c.h; name = ElementManager.h; path = Model/ElementManager.h; sourceTree = "<group>"; };
		33D81EFA1640715500E531B4 /* ElementManager.m */ = {isa = PBXFileReference; fileEncoding = 4; lastKnownFileType = sourcecode.c.objc; name = ElementManager.m; path = Model/ElementManager.m; sourceTree = "<group>"; };
		33D81EFC164075A800E531B4 /* DetailViewController.h */ = {isa = PBXFileReference; fileEncoding = 4; lastKnownFileType = sourcecode.c.h; name = DetailViewController.h; path = Views/DetailViewController.h; sourceTree = "<group>"; };
		33D81EFD164075A800E531B4 /* DetailViewController.m */ = {isa = PBXFileReference; fileEncoding = 4; lastKnownFileType = sourcecode.c.objc; name = DetailViewController.m; path = Views/DetailViewController.m; sourceTree = "<group>"; };
		33E4CC4D163433E1000693F4 /* Culturez-Vous.app */ = {isa = PBXFileReference; explicitFileType = wrapper.application; includeInIndex = 0; path = "Culturez-Vous.app"; sourceTree = BUILT_PRODUCTS_DIR; };
		33E4CC51163433E1000693F4 /* UIKit.framework */ = {isa = PBXFileReference; lastKnownFileType = wrapper.framework; name = UIKit.framework; path = System/Library/Frameworks/UIKit.framework; sourceTree = SDKROOT; };
		33E4CC53163433E1000693F4 /* Foundation.framework */ = {isa = PBXFileReference; lastKnownFileType = wrapper.framework; name = Foundation.framework; path = System/Library/Frameworks/Foundation.framework; sourceTree = SDKROOT; };
		33E4CC55163433E1000693F4 /* CoreGraphics.framework */ = {isa = PBXFileReference; lastKnownFileType = wrapper.framework; name = CoreGraphics.framework; path = System/Library/Frameworks/CoreGraphics.framework; sourceTree = SDKROOT; };
		33E4CC57163433E1000693F4 /* CoreData.framework */ = {isa = PBXFileReference; lastKnownFileType = wrapper.framework; name = CoreData.framework; path = System/Library/Frameworks/CoreData.framework; sourceTree = SDKROOT; };
		33E4CC5B163433E1000693F4 /* Culturez-Vous-Info.plist */ = {isa = PBXFileReference; lastKnownFileType = text.plist.xml; path = "Culturez-Vous-Info.plist"; sourceTree = "<group>"; };
		33E4CC5D163433E1000693F4 /* en */ = {isa = PBXFileReference; lastKnownFileType = text.plist.strings; name = en; path = en.lproj/InfoPlist.strings; sourceTree = "<group>"; };
		33E4CC5F163433E1000693F4 /* main.m */ = {isa = PBXFileReference; lastKnownFileType = sourcecode.c.objc; path = main.m; sourceTree = "<group>"; };
		33E4CC61163433E1000693F4 /* Culturez-Vous-Prefix.pch */ = {isa = PBXFileReference; lastKnownFileType = sourcecode.c.h; path = "Culturez-Vous-Prefix.pch"; sourceTree = "<group>"; };
		33E4CC62163433E1000693F4 /* AppDelegate.h */ = {isa = PBXFileReference; lastKnownFileType = sourcecode.c.h; path = AppDelegate.h; sourceTree = "<group>"; };
		33E4CC63163433E1000693F4 /* AppDelegate.m */ = {isa = PBXFileReference; lastKnownFileType = sourcecode.c.objc; path = AppDelegate.m; sourceTree = "<group>"; };
		33E4CC65163433E1000693F4 /* Default.png */ = {isa = PBXFileReference; lastKnownFileType = image.png; path = Default.png; sourceTree = "<group>"; };
		33E4CC67163433E1000693F4 /* Default@2x.png */ = {isa = PBXFileReference; lastKnownFileType = image.png; path = "Default@2x.png"; sourceTree = "<group>"; };
		33E4CC69163433E1000693F4 /* Default-568h@2x.png */ = {isa = PBXFileReference; lastKnownFileType = image.png; path = "Default-568h@2x.png"; sourceTree = "<group>"; };
		33E4CC6C163433E1000693F4 /* Culturez_Vous.xcdatamodel */ = {isa = PBXFileReference; lastKnownFileType = wrapper.xcdatamodel; path = Culturez_Vous.xcdatamodel; sourceTree = "<group>"; };
		33E4CC8316343B77000693F4 /* Contrepeterie.h */ = {isa = PBXFileReference; fileEncoding = 4; lastKnownFileType = sourcecode.c.h; name = Contrepeterie.h; path = Model/Contrepeterie.h; sourceTree = "<group>"; };
		33E4CC8416343B77000693F4 /* Contrepeterie.m */ = {isa = PBXFileReference; fileEncoding = 4; lastKnownFileType = sourcecode.c.objc; name = Contrepeterie.m; path = Model/Contrepeterie.m; sourceTree = "<group>"; };
		33E4CC8616343B77000693F4 /* Element.h */ = {isa = PBXFileReference; fileEncoding = 4; lastKnownFileType = sourcecode.c.h; name = Element.h; path = Model/Element.h; sourceTree = "<group>"; };
		33E4CC8716343B77000693F4 /* Element.m */ = {isa = PBXFileReference; fileEncoding = 4; lastKnownFileType = sourcecode.c.objc; name = Element.m; path = Model/Element.m; sourceTree = "<group>"; };
		33E4CC8916343B77000693F4 /* Definition.h */ = {isa = PBXFileReference; fileEncoding = 4; lastKnownFileType = sourcecode.c.h; name = Definition.h; path = Model/Definition.h; sourceTree = "<group>"; };
		33E4CC8A16343B77000693F4 /* Definition.m */ = {isa = PBXFileReference; fileEncoding = 4; lastKnownFileType = sourcecode.c.objc; name = Definition.m; path = Model/Definition.m; sourceTree = "<group>"; };
		33E4CC8C16343B77000693F4 /* Word.h */ = {isa = PBXFileReference; fileEncoding = 4; lastKnownFileType = sourcecode.c.h; name = Word.h; path = Model/Word.h; sourceTree = "<group>"; };
		33E4CC8D16343B77000693F4 /* Word.m */ = {isa = PBXFileReference; fileEncoding = 4; lastKnownFileType = sourcecode.c.objc; name = Word.m; path = Model/Word.m; sourceTree = "<group>"; };
/* End PBXFileReference section */

/* Begin PBXFrameworksBuildPhase section */
		33E4CC4A163433E1000693F4 /* Frameworks */ = {
			isa = PBXFrameworksBuildPhase;
			buildActionMask = 2147483647;
			files = (
				33E4CC52163433E1000693F4 /* UIKit.framework in Frameworks */,
				33E4CC54163433E1000693F4 /* Foundation.framework in Frameworks */,
				33E4CC56163433E1000693F4 /* CoreGraphics.framework in Frameworks */,
				33E4CC58163433E1000693F4 /* CoreData.framework in Frameworks */,
			);
			runOnlyForDeploymentPostprocessing = 0;
		};
/* End PBXFrameworksBuildPhase section */

/* Begin PBXGroup section */
		33E4CC42163433E1000693F4 = {
			isa = PBXGroup;
			children = (
				33E4CC59163433E1000693F4 /* Culturez-Vous */,
				33E4CC50163433E1000693F4 /* Frameworks */,
				33E4CC4E163433E1000693F4 /* Products */,
			);
			sourceTree = "<group>";
		};
		33E4CC4E163433E1000693F4 /* Products */ = {
			isa = PBXGroup;
			children = (
				33E4CC4D163433E1000693F4 /* Culturez-Vous.app */,
			);
			name = Products;
			sourceTree = "<group>";
		};
		33E4CC50163433E1000693F4 /* Frameworks */ = {
			isa = PBXGroup;
			children = (
				33E4CC51163433E1000693F4 /* UIKit.framework */,
				33E4CC53163433E1000693F4 /* Foundation.framework */,
				33E4CC55163433E1000693F4 /* CoreGraphics.framework */,
				33E4CC57163433E1000693F4 /* CoreData.framework */,
			);
			name = Frameworks;
			sourceTree = "<group>";
		};
		33E4CC59163433E1000693F4 /* Culturez-Vous */ = {
			isa = PBXGroup;
			children = (
				33D81EF91640715500E531B4 /* ElementManager.h */,
				33D81EFA1640715500E531B4 /* ElementManager.m */,
				33D81EF11640712A00E531B4 /* ElementTableViewCell.h */,
				33D81EF21640712A00E531B4 /* ElementTableViewCell.m */,
				33D81EF31640712A00E531B4 /* HomeTableViewController.h */,
				33D81EF41640712A00E531B4 /* HomeTableViewController.m */,
				33D81EF51640712A00E531B4 /* Storyboard_iPhone.storyboard */,
				33E4CC62163433E1000693F4 /* AppDelegate.h */,
				33E4CC63163433E1000693F4 /* AppDelegate.m */,
				33E4CC6B163433E1000693F4 /* Culturez_Vous.xcdatamodeld */,
				33E4CC8C16343B77000693F4 /* Word.h */,
				33E4CC8D16343B77000693F4 /* Word.m */,
				33E4CC8916343B77000693F4 /* Definition.h */,
				33E4CC8A16343B77000693F4 /* Definition.m */,
				33E4CC8616343B77000693F4 /* Element.h */,
				33E4CC8716343B77000693F4 /* Element.m */,
				33E4CC8316343B77000693F4 /* Contrepeterie.h */,
				33E4CC8416343B77000693F4 /* Contrepeterie.m */,
				33E4CC5A163433E1000693F4 /* Supporting Files */,
				33D81EFC164075A800E531B4 /* DetailViewController.h */,
				33D81EFD164075A800E531B4 /* DetailViewController.m */,
			);
			path = "Culturez-Vous";
			sourceTree = "<group>";
		};
		33E4CC5A163433E1000693F4 /* Supporting Files */ = {
			isa = PBXGroup;
			children = (
				33E4CC5B163433E1000693F4 /* Culturez-Vous-Info.plist */,
				33E4CC5C163433E1000693F4 /* InfoPlist.strings */,
				33E4CC5F163433E1000693F4 /* main.m */,
				33E4CC61163433E1000693F4 /* Culturez-Vous-Prefix.pch */,
				33E4CC65163433E1000693F4 /* Default.png */,
				33E4CC67163433E1000693F4 /* Default@2x.png */,
				33E4CC69163433E1000693F4 /* Default-568h@2x.png */,
			);
			name = "Supporting Files";
			sourceTree = "<group>";
		};
/* End PBXGroup section */

/* Begin PBXNativeTarget section */
		33E4CC4C163433E1000693F4 /* Culturez-Vous */ = {
			isa = PBXNativeTarget;
			buildConfigurationList = 33E4CC70163433E1000693F4 /* Build configuration list for PBXNativeTarget "Culturez-Vous" */;
			buildPhases = (
				33E4CC49163433E1000693F4 /* Sources */,
				33E4CC4A163433E1000693F4 /* Frameworks */,
				33E4CC4B163433E1000693F4 /* Resources */,
			);
			buildRules = (
			);
			dependencies = (
			);
			name = "Culturez-Vous";
			productName = "Culturez-Vous";
			productReference = 33E4CC4D163433E1000693F4 /* Culturez-Vous.app */;
			productType = "com.apple.product-type.application";
		};
/* End PBXNativeTarget section */

/* Begin PBXProject section */
		33E4CC44163433E1000693F4 /* Project object */ = {
			isa = PBXProject;
			attributes = {
				LastUpgradeCheck = 0450;
				ORGANIZATIONNAME = "Damien Mayance & Matthieu Oger";
			};
			buildConfigurationList = 33E4CC47163433E1000693F4 /* Build configuration list for PBXProject "Culturez-Vous" */;
			compatibilityVersion = "Xcode 3.2";
			developmentRegion = English;
			hasScannedForEncodings = 0;
			knownRegions = (
				en,
			);
			mainGroup = 33E4CC42163433E1000693F4;
			productRefGroup = 33E4CC4E163433E1000693F4 /* Products */;
			projectDirPath = "";
			projectRoot = "";
			targets = (
				33E4CC4C163433E1000693F4 /* Culturez-Vous */,
			);
		};
/* End PBXProject section */

/* Begin PBXResourcesBuildPhase section */
		33E4CC4B163433E1000693F4 /* Resources */ = {
			isa = PBXResourcesBuildPhase;
			buildActionMask = 2147483647;
			files = (
				33E4CC5E163433E1000693F4 /* InfoPlist.strings in Resources */,
				33E4CC66163433E1000693F4 /* Default.png in Resources */,
				33E4CC68163433E1000693F4 /* Default@2x.png in Resources */,
				33E4CC6A163433E1000693F4 /* Default-568h@2x.png in Resources */,
				33D81EF81640712A00E531B4 /* Storyboard_iPhone.storyboard in Resources */,
			);
			runOnlyForDeploymentPostprocessing = 0;
		};
/* End PBXResourcesBuildPhase section */

/* Begin PBXSourcesBuildPhase section */
		33E4CC49163433E1000693F4 /* Sources */ = {
			isa = PBXSourcesBuildPhase;
			buildActionMask = 2147483647;
			files = (
				33E4CC60163433E1000693F4 /* main.m in Sources */,
				33E4CC64163433E1000693F4 /* AppDelegate.m in Sources */,
				33E4CC6D163433E1000693F4 /* Culturez_Vous.xcdatamodeld in Sources */,
				33E4CC8516343B77000693F4 /* Contrepeterie.m in Sources */,
				33E4CC8816343B77000693F4 /* Element.m in Sources */,
				33E4CC8B16343B77000693F4 /* Definition.m in Sources */,
				33E4CC8E16343B77000693F4 /* Word.m in Sources */,
				33D81EF61640712A00E531B4 /* ElementTableViewCell.m in Sources */,
				33D81EF71640712A00E531B4 /* HomeTableViewController.m in Sources */,
				33D81EFB1640715500E531B4 /* ElementManager.m in Sources */,
				33D81EFE164075A800E531B4 /* DetailViewController.m in Sources */,
			);
			runOnlyForDeploymentPostprocessing = 0;
		};
/* End PBXSourcesBuildPhase section */

/* Begin PBXVariantGroup section */
		33E4CC5C163433E1000693F4 /* InfoPlist.strings */ = {
			isa = PBXVariantGroup;
			children = (
				33E4CC5D163433E1000693F4 /* en */,
			);
			name = InfoPlist.strings;
			sourceTree = "<group>";
		};
/* End PBXVariantGroup section */

/* Begin XCBuildConfiguration section */
		33E4CC6E163433E1000693F4 /* Debug */ = {
			isa = XCBuildConfiguration;
			buildSettings = {
				ALWAYS_SEARCH_USER_PATHS = NO;
				CLANG_CXX_LANGUAGE_STANDARD = "gnu++0x";
				CLANG_CXX_LIBRARY = "libc++";
				CLANG_ENABLE_OBJC_ARC = YES;
				CLANG_WARN_EMPTY_BODY = YES;
				CLANG_WARN__DUPLICATE_METHOD_MATCH = YES;
				"CODE_SIGN_IDENTITY[sdk=iphoneos*]" = "iPhone Developer";
				COPY_PHASE_STRIP = NO;
				GCC_C_LANGUAGE_STANDARD = gnu99;
				GCC_DYNAMIC_NO_PIC = NO;
				GCC_OPTIMIZATION_LEVEL = 0;
				GCC_PREPROCESSOR_DEFINITIONS = (
					"DEBUG=1",
					"$(inherited)",
				);
				GCC_SYMBOLS_PRIVATE_EXTERN = NO;
				GCC_WARN_ABOUT_RETURN_TYPE = YES;
				GCC_WARN_UNINITIALIZED_AUTOS = YES;
				GCC_WARN_UNUSED_VARIABLE = YES;
				IPHONEOS_DEPLOYMENT_TARGET = 6.0;
				ONLY_ACTIVE_ARCH = YES;
				SDKROOT = iphoneos;
				TARGETED_DEVICE_FAMILY = "1,2";
			};
			name = Debug;
		};
		33E4CC6F163433E1000693F4 /* Release */ = {
			isa = XCBuildConfiguration;
			buildSettings = {
				ALWAYS_SEARCH_USER_PATHS = NO;
				CLANG_CXX_LANGUAGE_STANDARD = "gnu++0x";
				CLANG_CXX_LIBRARY = "libc++";
				CLANG_ENABLE_OBJC_ARC = YES;
				CLANG_WARN_EMPTY_BODY = YES;
				CLANG_WARN__DUPLICATE_METHOD_MATCH = YES;
				"CODE_SIGN_IDENTITY[sdk=iphoneos*]" = "iPhone Developer";
				COPY_PHASE_STRIP = YES;
				GCC_C_LANGUAGE_STANDARD = gnu99;
				GCC_WARN_ABOUT_RETURN_TYPE = YES;
				GCC_WARN_UNINITIALIZED_AUTOS = YES;
				GCC_WARN_UNUSED_VARIABLE = YES;
				IPHONEOS_DEPLOYMENT_TARGET = 6.0;
				OTHER_CFLAGS = "-DNS_BLOCK_ASSERTIONS=1";
				SDKROOT = iphoneos;
				TARGETED_DEVICE_FAMILY = "1,2";
				VALIDATE_PRODUCT = YES;
			};
			name = Release;
		};
		33E4CC71163433E1000693F4 /* Debug */ = {
			isa = XCBuildConfiguration;
			buildSettings = {
				GCC_PRECOMPILE_PREFIX_HEADER = YES;
				GCC_PREFIX_HEADER = "Culturez-Vous/Culturez-Vous-Prefix.pch";
				INFOPLIST_FILE = "Culturez-Vous/Culturez-Vous-Info.plist";
				PRODUCT_NAME = "$(TARGET_NAME)";
				WRAPPER_EXTENSION = app;
			};
			name = Debug;
		};
		33E4CC72163433E1000693F4 /* Release */ = {
			isa = XCBuildConfiguration;
			buildSettings = {
				GCC_PRECOMPILE_PREFIX_HEADER = YES;
				GCC_PREFIX_HEADER = "Culturez-Vous/Culturez-Vous-Prefix.pch";
				INFOPLIST_FILE = "Culturez-Vous/Culturez-Vous-Info.plist";
				PRODUCT_NAME = "$(TARGET_NAME)";
				WRAPPER_EXTENSION = app;
			};
			name = Release;
		};
/* End XCBuildConfiguration section */

/* Begin XCConfigurationList section */
		33E4CC47163433E1000693F4 /* Build configuration list for PBXProject "Culturez-Vous" */ = {
			isa = XCConfigurationList;
			buildConfigurations = (
				33E4CC6E163433E1000693F4 /* Debug */,
				33E4CC6F163433E1000693F4 /* Release */,
			);
			defaultConfigurationIsVisible = 0;
			defaultConfigurationName = Release;
		};
		33E4CC70163433E1000693F4 /* Build configuration list for PBXNativeTarget "Culturez-Vous" */ = {
			isa = XCConfigurationList;
			buildConfigurations = (
				33E4CC71163433E1000693F4 /* Debug */,
				33E4CC72163433E1000693F4 /* Release */,
			);
			defaultConfigurationIsVisible = 0;
			defaultConfigurationName = Release;
		};
/* End XCConfigurationList section */

/* Begin XCVersionGroup section */
		33E4CC6B163433E1000693F4 /* Culturez_Vous.xcdatamodeld */ = {
			isa = XCVersionGroup;
			children = (
				33E4CC6C163433E1000693F4 /* Culturez_Vous.xcdatamodel */,
			);
			currentVersion = 33E4CC6C163433E1000693F4 /* Culturez_Vous.xcdatamodel */;
			path = Culturez_Vous.xcdatamodeld;
			sourceTree = "<group>";
			versionGroupType = wrapper.xcdatamodel;
		};
/* End XCVersionGroup section */
	};
	rootObject = 33E4CC44163433E1000693F4 /* Project object */;
}
