// !$*UTF8*$!
{
	archiveVersion = 1;
	classes = {
	};
	objectVersion = 46;
	objects = {

/* Begin PBXBuildFile section */
		3306DE19165061CD00008F6A /* DetailDateCell.m in Sources */ = {isa = PBXBuildFile; fileRef = 3306DE18165061CD00008F6A /* DetailDateCell.m */; };
		3306DE1C165061F000008F6A /* ElementTableViewCell.m in Sources */ = {isa = PBXBuildFile; fileRef = 3306DE1B165061F000008F6A /* ElementTableViewCell.m */; };
		3306DE1F1650620D00008F6A /* DetailAuthorCell.m in Sources */ = {isa = PBXBuildFile; fileRef = 3306DE1E1650620D00008F6A /* DetailAuthorCell.m */; };
		3306DE221650626800008F6A /* DetailWordDetailsCell.m in Sources */ = {isa = PBXBuildFile; fileRef = 3306DE211650626800008F6A /* DetailWordDetailsCell.m */; };
		3306DE251650627E00008F6A /* DetailWordContentCell.m in Sources */ = {isa = PBXBuildFile; fileRef = 3306DE241650627E00008F6A /* DetailWordContentCell.m */; };
		3306DE281650629300008F6A /* DetailCtpContentCell.m in Sources */ = {isa = PBXBuildFile; fileRef = 3306DE271650629300008F6A /* DetailCtpContentCell.m */; };
		3306DE2B165062A600008F6A /* DetailCtpSolutionCell.m in Sources */ = {isa = PBXBuildFile; fileRef = 3306DE2A165062A600008F6A /* DetailCtpSolutionCell.m */; };
		333864FD1644012A00C37665 /* AFHTTPClient.m in Sources */ = {isa = PBXBuildFile; fileRef = 333864EB1644012A00C37665 /* AFHTTPClient.m */; settings = {COMPILER_FLAGS = "-fobjc-arc"; }; };
		333864FE1644012A00C37665 /* AFHTTPRequestOperation.m in Sources */ = {isa = PBXBuildFile; fileRef = 333864ED1644012A00C37665 /* AFHTTPRequestOperation.m */; settings = {COMPILER_FLAGS = "-fobjc-arc"; }; };
		333864FF1644012A00C37665 /* AFImageRequestOperation.m in Sources */ = {isa = PBXBuildFile; fileRef = 333864EF1644012A00C37665 /* AFImageRequestOperation.m */; settings = {COMPILER_FLAGS = "-fobjc-arc"; }; };
		333865001644012A00C37665 /* AFJSONRequestOperation.m in Sources */ = {isa = PBXBuildFile; fileRef = 333864F11644012A00C37665 /* AFJSONRequestOperation.m */; settings = {COMPILER_FLAGS = "-fobjc-arc"; }; };
		333865011644012A00C37665 /* AFNetworkActivityIndicatorManager.m in Sources */ = {isa = PBXBuildFile; fileRef = 333864F31644012A00C37665 /* AFNetworkActivityIndicatorManager.m */; settings = {COMPILER_FLAGS = "-fobjc-arc"; }; };
		333865021644012A00C37665 /* AFPropertyListRequestOperation.m in Sources */ = {isa = PBXBuildFile; fileRef = 333864F61644012A00C37665 /* AFPropertyListRequestOperation.m */; settings = {COMPILER_FLAGS = "-fobjc-arc"; }; };
		333865031644012A00C37665 /* AFURLConnectionOperation.m in Sources */ = {isa = PBXBuildFile; fileRef = 333864F81644012A00C37665 /* AFURLConnectionOperation.m */; settings = {COMPILER_FLAGS = "-fobjc-arc"; }; };
		333865041644012A00C37665 /* AFXMLRequestOperation.m in Sources */ = {isa = PBXBuildFile; fileRef = 333864FA1644012A00C37665 /* AFXMLRequestOperation.m */; settings = {COMPILER_FLAGS = "-fobjc-arc"; }; };
		333865051644012A00C37665 /* UIImageView+AFNetworking.m in Sources */ = {isa = PBXBuildFile; fileRef = 333864FC1644012A00C37665 /* UIImageView+AFNetworking.m */; settings = {COMPILER_FLAGS = "-fobjc-arc"; }; };
		3338650E16440EC500C37665 /* README.md in Resources */ = {isa = PBXBuildFile; fileRef = 3338650B16440EC500C37665 /* README.md */; };
		3338650F16440EC500C37665 /* SMXMLDocument.m in Sources */ = {isa = PBXBuildFile; fileRef = 3338650D16440EC500C37665 /* SMXMLDocument.m */; };
		33386512164419E900C37665 /* ElementCache.m in Sources */ = {isa = PBXBuildFile; fileRef = 33386511164419E900C37665 /* ElementCache.m */; };
		333CBACE164FED4C000A689D /* DateFormatter.m in Sources */ = {isa = PBXBuildFile; fileRef = 333CBACD164FED4C000A689D /* DateFormatter.m */; };
		333CBAE01650022D000A689D /* WordstabTableViewController.m in Sources */ = {isa = PBXBuildFile; fileRef = 333CBADF1650022D000A689D /* WordstabTableViewController.m */; };
		33D75560164EA8A8003FA28A /* ElementManager.m in Sources */ = {isa = PBXBuildFile; fileRef = 33D7555F164EA8A8003FA28A /* ElementManager.m */; };
		33D81EF81640712A00E531B4 /* Storyboard_iPhone.storyboard in Resources */ = {isa = PBXBuildFile; fileRef = 33D81EF51640712A00E531B4 /* Storyboard_iPhone.storyboard */; };
		33D81EFB1640715500E531B4 /* ElementDownloader.m in Sources */ = {isa = PBXBuildFile; fileRef = 33D81EFA1640715500E531B4 /* ElementDownloader.m */; };
		33D81EFE164075A800E531B4 /* DetailTableViewController.m in Sources */ = {isa = PBXBuildFile; fileRef = 33D81EFD164075A800E531B4 /* DetailTableViewController.m */; };
		33E4CC52163433E1000693F4 /* UIKit.framework in Frameworks */ = {isa = PBXBuildFile; fileRef = 33E4CC51163433E1000693F4 /* UIKit.framework */; };
		33E4CC54163433E1000693F4 /* Foundation.framework in Frameworks */ = {isa = PBXBuildFile; fileRef = 33E4CC53163433E1000693F4 /* Foundation.framework */; };
		33E4CC56163433E1000693F4 /* CoreGraphics.framework in Frameworks */ = {isa = PBXBuildFile; fileRef = 33E4CC55163433E1000693F4 /* CoreGraphics.framework */; };
		33E4CC58163433E1000693F4 /* CoreData.framework in Frameworks */ = {isa = PBXBuildFile; fileRef = 33E4CC57163433E1000693F4 /* CoreData.framework */; };
		33E4CC5E163433E1000693F4 /* InfoPlist.strings in Resources */ = {isa = PBXBuildFile; fileRef = 33E4CC5C163433E1000693F4 /* InfoPlist.strings */; };
		33E4CC60163433E1000693F4 /* main.m in Sources */ = {isa = PBXBuildFile; fileRef = 33E4CC5F163433E1000693F4 /* main.m */; };
		33E4CC64163433E1000693F4 /* AppDelegate.m in Sources */ = {isa = PBXBuildFile; fileRef = 33E4CC63163433E1000693F4 /* AppDelegate.m */; };
		33E4CC66163433E1000693F4 /* Default.png in Resources */ = {isa = PBXBuildFile; fileRef = 33E4CC65163433E1000693F4 /* Default.png */; };
		33E4CC68163433E1000693F4 /* Default@2x.png in Resources */ = {isa = PBXBuildFile; fileRef = 33E4CC67163433E1000693F4 /* Default@2x.png */; };
		33E4CC6A163433E1000693F4 /* Default-568h@2x.png in Resources */ = {isa = PBXBuildFile; fileRef = 33E4CC69163433E1000693F4 /* Default-568h@2x.png */; };
		33E4CC6D163433E1000693F4 /* Culturez_Vous.xcdatamodeld in Sources */ = {isa = PBXBuildFile; fileRef = 33E4CC6B163433E1000693F4 /* Culturez_Vous.xcdatamodeld */; };
		33E5880716553DCA002BC6AD /* Contrepeterie.m in Sources */ = {isa = PBXBuildFile; fileRef = 33E5880616553DCA002BC6AD /* Contrepeterie.m */; };
		33E5880D16553DCA002BC6AD /* Word.m in Sources */ = {isa = PBXBuildFile; fileRef = 33E5880C16553DCA002BC6AD /* Word.m */; };
		33ECE10A165792D900957CA2 /* Definition.m in Sources */ = {isa = PBXBuildFile; fileRef = 33ECE109165792D900957CA2 /* Definition.m */; };
		33ECE10E1657953300957CA2 /* Element.m in Sources */ = {isa = PBXBuildFile; fileRef = 33ECE10D1657953300957CA2 /* Element.m */; };
		33ED67981658FD9A00D837BE /* ElementTableViewController.m in Sources */ = {isa = PBXBuildFile; fileRef = 33ED67971658FD9A00D837BE /* ElementTableViewController.m */; };
		33ED679C1659018700D837BE /* ContrepeterieTableViewController.m in Sources */ = {isa = PBXBuildFile; fileRef = 33ED679B1659018700D837BE /* ContrepeterieTableViewController.m */; };
		33ED67A1165902BB00D837BE /* FavoritesTableViewController.m in Sources */ = {isa = PBXBuildFile; fileRef = 33ED67A0165902BB00D837BE /* FavoritesTableViewController.m */; };
/* End PBXBuildFile section */

/* Begin PBXFileReference section */
		3306DE17165061CD00008F6A /* DetailDateCell.h */ = {isa = PBXFileReference; fileEncoding = 4; lastKnownFileType = sourcecode.c.h; name = DetailDateCell.h; path = Views/Cells/DetailDateCell.h; sourceTree = "<group>"; };
		3306DE18165061CD00008F6A /* DetailDateCell.m */ = {isa = PBXFileReference; fileEncoding = 4; lastKnownFileType = sourcecode.c.objc; name = DetailDateCell.m; path = Views/Cells/DetailDateCell.m; sourceTree = "<group>"; };
		3306DE1A165061F000008F6A /* ElementTableViewCell.h */ = {isa = PBXFileReference; fileEncoding = 4; lastKnownFileType = sourcecode.c.h; name = ElementTableViewCell.h; path = Views/Cells/ElementTableViewCell.h; sourceTree = "<group>"; };
		3306DE1B165061F000008F6A /* ElementTableViewCell.m */ = {isa = PBXFileReference; fileEncoding = 4; lastKnownFileType = sourcecode.c.objc; name = ElementTableViewCell.m; path = Views/Cells/ElementTableViewCell.m; sourceTree = "<group>"; };
		3306DE1D1650620D00008F6A /* DetailAuthorCell.h */ = {isa = PBXFileReference; fileEncoding = 4; lastKnownFileType = sourcecode.c.h; name = DetailAuthorCell.h; path = Views/Cells/DetailAuthorCell.h; sourceTree = "<group>"; };
		3306DE1E1650620D00008F6A /* DetailAuthorCell.m */ = {isa = PBXFileReference; fileEncoding = 4; lastKnownFileType = sourcecode.c.objc; name = DetailAuthorCell.m; path = Views/Cells/DetailAuthorCell.m; sourceTree = "<group>"; };
		3306DE201650626800008F6A /* DetailWordDetailsCell.h */ = {isa = PBXFileReference; fileEncoding = 4; lastKnownFileType = sourcecode.c.h; name = DetailWordDetailsCell.h; path = Views/Cells/DetailWordDetailsCell.h; sourceTree = "<group>"; };
		3306DE211650626800008F6A /* DetailWordDetailsCell.m */ = {isa = PBXFileReference; fileEncoding = 4; lastKnownFileType = sourcecode.c.objc; name = DetailWordDetailsCell.m; path = Views/Cells/DetailWordDetailsCell.m; sourceTree = "<group>"; };
		3306DE231650627E00008F6A /* DetailWordContentCell.h */ = {isa = PBXFileReference; fileEncoding = 4; lastKnownFileType = sourcecode.c.h; name = DetailWordContentCell.h; path = Views/Cells/DetailWordContentCell.h; sourceTree = "<group>"; };
		3306DE241650627E00008F6A /* DetailWordContentCell.m */ = {isa = PBXFileReference; fileEncoding = 4; lastKnownFileType = sourcecode.c.objc; name = DetailWordContentCell.m; path = Views/Cells/DetailWordContentCell.m; sourceTree = "<group>"; };
		3306DE261650629300008F6A /* DetailCtpContentCell.h */ = {isa = PBXFileReference; fileEncoding = 4; lastKnownFileType = sourcecode.c.h; name = DetailCtpContentCell.h; path = Views/Cells/DetailCtpContentCell.h; sourceTree = "<group>"; };
		3306DE271650629300008F6A /* DetailCtpContentCell.m */ = {isa = PBXFileReference; fileEncoding = 4; lastKnownFileType = sourcecode.c.objc; name = DetailCtpContentCell.m; path = Views/Cells/DetailCtpContentCell.m; sourceTree = "<group>"; };
		3306DE29165062A600008F6A /* DetailCtpSolutionCell.h */ = {isa = PBXFileReference; fileEncoding = 4; lastKnownFileType = sourcecode.c.h; name = DetailCtpSolutionCell.h; path = Views/Cells/DetailCtpSolutionCell.h; sourceTree = "<group>"; };
		3306DE2A165062A600008F6A /* DetailCtpSolutionCell.m */ = {isa = PBXFileReference; fileEncoding = 4; lastKnownFileType = sourcecode.c.objc; name = DetailCtpSolutionCell.m; path = Views/Cells/DetailCtpSolutionCell.m; sourceTree = "<group>"; };
		333864EA1644012A00C37665 /* AFHTTPClient.h */ = {isa = PBXFileReference; fileEncoding = 4; lastKnownFileType = sourcecode.c.h; path = AFHTTPClient.h; sourceTree = "<group>"; };
		333864EB1644012A00C37665 /* AFHTTPClient.m */ = {isa = PBXFileReference; fileEncoding = 4; lastKnownFileType = sourcecode.c.objc; path = AFHTTPClient.m; sourceTree = "<group>"; };
		333864EC1644012A00C37665 /* AFHTTPRequestOperation.h */ = {isa = PBXFileReference; fileEncoding = 4; lastKnownFileType = sourcecode.c.h; path = AFHTTPRequestOperation.h; sourceTree = "<group>"; };
		333864ED1644012A00C37665 /* AFHTTPRequestOperation.m */ = {isa = PBXFileReference; fileEncoding = 4; lastKnownFileType = sourcecode.c.objc; path = AFHTTPRequestOperation.m; sourceTree = "<group>"; };
		333864EE1644012A00C37665 /* AFImageRequestOperation.h */ = {isa = PBXFileReference; fileEncoding = 4; lastKnownFileType = sourcecode.c.h; path = AFImageRequestOperation.h; sourceTree = "<group>"; };
		333864EF1644012A00C37665 /* AFImageRequestOperation.m */ = {isa = PBXFileReference; fileEncoding = 4; lastKnownFileType = sourcecode.c.objc; path = AFImageRequestOperation.m; sourceTree = "<group>"; };
		333864F01644012A00C37665 /* AFJSONRequestOperation.h */ = {isa = PBXFileReference; fileEncoding = 4; lastKnownFileType = sourcecode.c.h; path = AFJSONRequestOperation.h; sourceTree = "<group>"; };
		333864F11644012A00C37665 /* AFJSONRequestOperation.m */ = {isa = PBXFileReference; fileEncoding = 4; lastKnownFileType = sourcecode.c.objc; path = AFJSONRequestOperation.m; sourceTree = "<group>"; };
		333864F21644012A00C37665 /* AFNetworkActivityIndicatorManager.h */ = {isa = PBXFileReference; fileEncoding = 4; lastKnownFileType = sourcecode.c.h; path = AFNetworkActivityIndicatorManager.h; sourceTree = "<group>"; };
		333864F31644012A00C37665 /* AFNetworkActivityIndicatorManager.m */ = {isa = PBXFileReference; fileEncoding = 4; lastKnownFileType = sourcecode.c.objc; path = AFNetworkActivityIndicatorManager.m; sourceTree = "<group>"; };
		333864F41644012A00C37665 /* AFNetworking.h */ = {isa = PBXFileReference; fileEncoding = 4; lastKnownFileType = sourcecode.c.h; path = AFNetworking.h; sourceTree = "<group>"; };
		333864F51644012A00C37665 /* AFPropertyListRequestOperation.h */ = {isa = PBXFileReference; fileEncoding = 4; lastKnownFileType = sourcecode.c.h; path = AFPropertyListRequestOperation.h; sourceTree = "<group>"; };
		333864F61644012A00C37665 /* AFPropertyListRequestOperation.m */ = {isa = PBXFileReference; fileEncoding = 4; lastKnownFileType = sourcecode.c.objc; path = AFPropertyListRequestOperation.m; sourceTree = "<group>"; };
		333864F71644012A00C37665 /* AFURLConnectionOperation.h */ = {isa = PBXFileReference; fileEncoding = 4; lastKnownFileType = sourcecode.c.h; path = AFURLConnectionOperation.h; sourceTree = "<group>"; };
		333864F81644012A00C37665 /* AFURLConnectionOperation.m */ = {isa = PBXFileReference; fileEncoding = 4; lastKnownFileType = sourcecode.c.objc; path = AFURLConnectionOperation.m; sourceTree = "<group>"; };
		333864F91644012A00C37665 /* AFXMLRequestOperation.h */ = {isa = PBXFileReference; fileEncoding = 4; lastKnownFileType = sourcecode.c.h; path = AFXMLRequestOperation.h; sourceTree = "<group>"; };
		333864FA1644012A00C37665 /* AFXMLRequestOperation.m */ = {isa = PBXFileReference; fileEncoding = 4; lastKnownFileType = sourcecode.c.objc; path = AFXMLRequestOperation.m; sourceTree = "<group>"; };
		333864FB1644012A00C37665 /* UIImageView+AFNetworking.h */ = {isa = PBXFileReference; fileEncoding = 4; lastKnownFileType = sourcecode.c.h; path = "UIImageView+AFNetworking.h"; sourceTree = "<group>"; };
		333864FC1644012A00C37665 /* UIImageView+AFNetworking.m */ = {isa = PBXFileReference; fileEncoding = 4; lastKnownFileType = sourcecode.c.objc; path = "UIImageView+AFNetworking.m"; sourceTree = "<group>"; };
		3338650B16440EC500C37665 /* README.md */ = {isa = PBXFileReference; fileEncoding = 4; lastKnownFileType = text; path = README.md; sourceTree = "<group>"; };
		3338650C16440EC500C37665 /* SMXMLDocument.h */ = {isa = PBXFileReference; fileEncoding = 4; lastKnownFileType = sourcecode.c.h; path = SMXMLDocument.h; sourceTree = "<group>"; };
		3338650D16440EC500C37665 /* SMXMLDocument.m */ = {isa = PBXFileReference; fileEncoding = 4; lastKnownFileType = sourcecode.c.objc; path = SMXMLDocument.m; sourceTree = "<group>"; };
		33386510164419E900C37665 /* ElementCache.h */ = {isa = PBXFileReference; fileEncoding = 4; lastKnownFileType = sourcecode.c.h; name = ElementCache.h; path = Model/ElementCache.h; sourceTree = "<group>"; };
		33386511164419E900C37665 /* ElementCache.m */ = {isa = PBXFileReference; fileEncoding = 4; lastKnownFileType = sourcecode.c.objc; name = ElementCache.m; path = Model/ElementCache.m; sourceTree = "<group>"; };
		333CBACC164FED4C000A689D /* DateFormatter.h */ = {isa = PBXFileReference; fileEncoding = 4; lastKnownFileType = sourcecode.c.h; name = DateFormatter.h; path = Utils/DateFormatter.h; sourceTree = "<group>"; };
		333CBACD164FED4C000A689D /* DateFormatter.m */ = {isa = PBXFileReference; fileEncoding = 4; lastKnownFileType = sourcecode.c.objc; name = DateFormatter.m; path = Utils/DateFormatter.m; sourceTree = "<group>"; };
		333CBADE1650022D000A689D /* WordstabTableViewController.h */ = {isa = PBXFileReference; fileEncoding = 4; lastKnownFileType = sourcecode.c.h; name = WordstabTableViewController.h; path = Views/WordstabTableViewController.h; sourceTree = "<group>"; };
		333CBADF1650022D000A689D /* WordstabTableViewController.m */ = {isa = PBXFileReference; fileEncoding = 4; lastKnownFileType = sourcecode.c.objc; name = WordstabTableViewController.m; path = Views/WordstabTableViewController.m; sourceTree = "<group>"; };
		33D7555E164EA8A8003FA28A /* ElementManager.h */ = {isa = PBXFileReference; fileEncoding = 4; lastKnownFileType = sourcecode.c.h; name = ElementManager.h; path = Model/ElementManager.h; sourceTree = "<group>"; };
		33D7555F164EA8A8003FA28A /* ElementManager.m */ = {isa = PBXFileReference; fileEncoding = 4; lastKnownFileType = sourcecode.c.objc; name = ElementManager.m; path = Model/ElementManager.m; sourceTree = "<group>"; };
		33D75567164EB3EA003FA28A /* Common.h */ = {isa = PBXFileReference; fileEncoding = 4; lastKnownFileType = sourcecode.c.h; path = Common.h; sourceTree = "<group>"; };
		33D81EF51640712A00E531B4 /* Storyboard_iPhone.storyboard */ = {isa = PBXFileReference; fileEncoding = 4; lastKnownFileType = file.storyboard; name = Storyboard_iPhone.storyboard; path = Views/Storyboard_iPhone.storyboard; sourceTree = "<group>"; };
		33D81EF91640715500E531B4 /* ElementDownloader.h */ = {isa = PBXFileReference; fileEncoding = 4; lastKnownFileType = sourcecode.c.h; name = ElementDownloader.h; path = Model/ElementDownloader.h; sourceTree = "<group>"; };
		33D81EFA1640715500E531B4 /* ElementDownloader.m */ = {isa = PBXFileReference; fileEncoding = 4; lastKnownFileType = sourcecode.c.objc; name = ElementDownloader.m; path = Model/ElementDownloader.m; sourceTree = "<group>"; };
		33D81EFC164075A800E531B4 /* DetailTableViewController.h */ = {isa = PBXFileReference; fileEncoding = 4; lastKnownFileType = sourcecode.c.h; name = DetailTableViewController.h; path = Views/DetailTableViewController.h; sourceTree = "<group>"; };
		33D81EFD164075A800E531B4 /* DetailTableViewController.m */ = {isa = PBXFileReference; fileEncoding = 4; lastKnownFileType = sourcecode.c.objc; name = DetailTableViewController.m; path = Views/DetailTableViewController.m; sourceTree = "<group>"; };
		33E4CC4D163433E1000693F4 /* Culturez-Vous.app */ = {isa = PBXFileReference; explicitFileType = wrapper.application; includeInIndex = 0; path = "Culturez-Vous.app"; sourceTree = BUILT_PRODUCTS_DIR; };
		33E4CC51163433E1000693F4 /* UIKit.framework */ = {isa = PBXFileReference; lastKnownFileType = wrapper.framework; name = UIKit.framework; path = System/Library/Frameworks/UIKit.framework; sourceTree = SDKROOT; };
		33E4CC53163433E1000693F4 /* Foundation.framework */ = {isa = PBXFileReference; lastKnownFileType = wrapper.framework; name = Foundation.framework; path = System/Library/Frameworks/Foundation.framework; sourceTree = SDKROOT; };
		33E4CC55163433E1000693F4 /* CoreGraphics.framework */ = {isa = PBXFileReference; lastKnownFileType = wrapper.framework; name = CoreGraphics.framework; path = System/Library/Frameworks/CoreGraphics.framework; sourceTree = SDKROOT; };
		33E4CC57163433E1000693F4 /* CoreData.framework */ = {isa = PBXFileReference; lastKnownFileType = wrapper.framework; name = CoreData.framework; path = System/Library/Frameworks/CoreData.framework; sourceTree = SDKROOT; };
		33E4CC5B163433E1000693F4 /* Culturez-Vous-Info.plist */ = {isa = PBXFileReference; lastKnownFileType = text.plist.xml; path = "Culturez-Vous-Info.plist"; sourceTree = "<group>"; };
		33E4CC5D163433E1000693F4 /* en */ = {isa = PBXFileReference; lastKnownFileType = text.plist.strings; name = en; path = en.lproj/InfoPlist.strings; sourceTree = "<group>"; };
		33E4CC5F163433E1000693F4 /* main.m */ = {isa = PBXFileReference; lastKnownFileType = sourcecode.c.objc; path = main.m; sourceTree = "<group>"; };
		33E4CC61163433E1000693F4 /* Culturez-Vous-Prefix.pch */ = {isa = PBXFileReference; lastKnownFileType = sourcecode.c.h; path = "Culturez-Vous-Prefix.pch"; sourceTree = "<group>"; };
		33E4CC62163433E1000693F4 /* AppDelegate.h */ = {isa = PBXFileReference; lastKnownFileType = sourcecode.c.h; path = AppDelegate.h; sourceTree = "<group>"; };
		33E4CC63163433E1000693F4 /* AppDelegate.m */ = {isa = PBXFileReference; lastKnownFileType = sourcecode.c.objc; path = AppDelegate.m; sourceTree = "<group>"; };
		33E4CC65163433E1000693F4 /* Default.png */ = {isa = PBXFileReference; lastKnownFileType = image.png; path = Default.png; sourceTree = "<group>"; };
		33E4CC67163433E1000693F4 /* Default@2x.png */ = {isa = PBXFileReference; lastKnownFileType = image.png; path = "Default@2x.png"; sourceTree = "<group>"; };
		33E4CC69163433E1000693F4 /* Default-568h@2x.png */ = {isa = PBXFileReference; lastKnownFileType = image.png; path = "Default-568h@2x.png"; sourceTree = "<group>"; };
		33E4CC6C163433E1000693F4 /* Culturez_Vous.xcdatamodel */ = {isa = PBXFileReference; lastKnownFileType = wrapper.xcdatamodel; path = Culturez_Vous.xcdatamodel; sourceTree = "<group>"; };
		33E5880516553DCA002BC6AD /* Contrepeterie.h */ = {isa = PBXFileReference; fileEncoding = 4; lastKnownFileType = sourcecode.c.h; name = Contrepeterie.h; path = Model/CoreData/Contrepeterie.h; sourceTree = "<group>"; };
		33E5880616553DCA002BC6AD /* Contrepeterie.m */ = {isa = PBXFileReference; fileEncoding = 4; lastKnownFileType = sourcecode.c.objc; name = Contrepeterie.m; path = Model/CoreData/Contrepeterie.m; sourceTree = "<group>"; };
		33E5880B16553DCA002BC6AD /* Word.h */ = {isa = PBXFileReference; fileEncoding = 4; lastKnownFileType = sourcecode.c.h; name = Word.h; path = Model/CoreData/Word.h; sourceTree = "<group>"; };
		33E5880C16553DCA002BC6AD /* Word.m */ = {isa = PBXFileReference; fileEncoding = 4; lastKnownFileType = sourcecode.c.objc; name = Word.m; path = Model/CoreData/Word.m; sourceTree = "<group>"; };
		33ECE108165792D900957CA2 /* Definition.h */ = {isa = PBXFileReference; fileEncoding = 4; lastKnownFileType = sourcecode.c.h; name = Definition.h; path = Model/CoreData/Definition.h; sourceTree = "<group>"; };
		33ECE109165792D900957CA2 /* Definition.m */ = {isa = PBXFileReference; fileEncoding = 4; lastKnownFileType = sourcecode.c.objc; name = Definition.m; path = Model/CoreData/Definition.m; sourceTree = "<group>"; };
		33ECE10C1657953300957CA2 /* Element.h */ = {isa = PBXFileReference; fileEncoding = 4; lastKnownFileType = sourcecode.c.h; name = Element.h; path = Model/CoreData/Element.h; sourceTree = "<group>"; };
		33ECE10D1657953300957CA2 /* Element.m */ = {isa = PBXFileReference; fileEncoding = 4; lastKnownFileType = sourcecode.c.objc; name = Element.m; path = Model/CoreData/Element.m; sourceTree = "<group>"; };
		33ED67961658FD9A00D837BE /* ElementTableViewController.h */ = {isa = PBXFileReference; fileEncoding = 4; lastKnownFileType = sourcecode.c.h; name = ElementTableViewController.h; path = Views/ElementTableViewController.h; sourceTree = "<group>"; };
		33ED67971658FD9A00D837BE /* ElementTableViewController.m */ = {isa = PBXFileReference; fileEncoding = 4; lastKnownFileType = sourcecode.c.objc; name = ElementTableViewController.m; path = Views/ElementTableViewController.m; sourceTree = "<group>"; };
		33ED679A1659018700D837BE /* ContrepeterieTableViewController.h */ = {isa = PBXFileReference; fileEncoding = 4; lastKnownFileType = sourcecode.c.h; name = ContrepeterieTableViewController.h; path = Views/ContrepeterieTableViewController.h; sourceTree = "<group>"; };
		33ED679B1659018700D837BE /* ContrepeterieTableViewController.m */ = {isa = PBXFileReference; fileEncoding = 4; lastKnownFileType = sourcecode.c.objc; name = ContrepeterieTableViewController.m; path = Views/ContrepeterieTableViewController.m; sourceTree = "<group>"; };
		33ED679F165902BB00D837BE /* FavoritesTableViewController.h */ = {isa = PBXFileReference; fileEncoding = 4; lastKnownFileType = sourcecode.c.h; name = FavoritesTableViewController.h; path = Views/FavoritesTableViewController.h; sourceTree = "<group>"; };
		33ED67A0165902BB00D837BE /* FavoritesTableViewController.m */ = {isa = PBXFileReference; fileEncoding = 4; lastKnownFileType = sourcecode.c.objc; name = FavoritesTableViewController.m; path = Views/FavoritesTableViewController.m; sourceTree = "<group>"; };
/* End PBXFileReference section */

/* Begin PBXFrameworksBuildPhase section */
		33E4CC4A163433E1000693F4 /* Frameworks */ = {
			isa = PBXFrameworksBuildPhase;
			buildActionMask = 2147483647;
			files = (
				33E4CC52163433E1000693F4 /* UIKit.framework in Frameworks */,
				33E4CC54163433E1000693F4 /* Foundation.framework in Frameworks */,
				33E4CC56163433E1000693F4 /* CoreGraphics.framework in Frameworks */,
				33E4CC58163433E1000693F4 /* CoreData.framework in Frameworks */,
			);
			runOnlyForDeploymentPostprocessing = 0;
		};
/* End PBXFrameworksBuildPhase section */

/* Begin PBXGroup section */
		333864E91644012A00C37665 /* AFNetworking */ = {
			isa = PBXGroup;
			children = (
				333864EA1644012A00C37665 /* AFHTTPClient.h */,
				333864EB1644012A00C37665 /* AFHTTPClient.m */,
				333864EC1644012A00C37665 /* AFHTTPRequestOperation.h */,
				333864ED1644012A00C37665 /* AFHTTPRequestOperation.m */,
				333864EE1644012A00C37665 /* AFImageRequestOperation.h */,
				333864EF1644012A00C37665 /* AFImageRequestOperation.m */,
				333864F01644012A00C37665 /* AFJSONRequestOperation.h */,
				333864F11644012A00C37665 /* AFJSONRequestOperation.m */,
				333864F21644012A00C37665 /* AFNetworkActivityIndicatorManager.h */,
				333864F31644012A00C37665 /* AFNetworkActivityIndicatorManager.m */,
				333864F41644012A00C37665 /* AFNetworking.h */,
				333864F51644012A00C37665 /* AFPropertyListRequestOperation.h */,
				333864F61644012A00C37665 /* AFPropertyListRequestOperation.m */,
				333864F71644012A00C37665 /* AFURLConnectionOperation.h */,
				333864F81644012A00C37665 /* AFURLConnectionOperation.m */,
				333864F91644012A00C37665 /* AFXMLRequestOperation.h */,
				333864FA1644012A00C37665 /* AFXMLRequestOperation.m */,
				333864FB1644012A00C37665 /* UIImageView+AFNetworking.h */,
				333864FC1644012A00C37665 /* UIImageView+AFNetworking.m */,
			);
			name = AFNetworking;
			path = Libraries/AFNetworking;
			sourceTree = "<group>";
		};
		3338650A16440EC500C37665 /* SMXMLDocument */ = {
			isa = PBXGroup;
			children = (
				3338650B16440EC500C37665 /* README.md */,
				3338650C16440EC500C37665 /* SMXMLDocument.h */,
				3338650D16440EC500C37665 /* SMXMLDocument.m */,
			);
			name = SMXMLDocument;
			path = Libraries/SMXMLDocument;
			sourceTree = "<group>";
		};
		333CBACA164FED37000A689D /* Utils */ = {
			isa = PBXGroup;
			children = (
				333CBACC164FED4C000A689D /* DateFormatter.h */,
				333CBACD164FED4C000A689D /* DateFormatter.m */,
			);
			name = Utils;
			sourceTree = "<group>";
		};
		33D75564164EA99F003FA28A /* Model */ = {
			isa = PBXGroup;
			children = (
				33D75566164EA9DF003FA28A /* CoreData */,
				33386510164419E900C37665 /* ElementCache.h */,
				33386511164419E900C37665 /* ElementCache.m */,
				33D81EF91640715500E531B4 /* ElementDownloader.h */,
				33D81EFA1640715500E531B4 /* ElementDownloader.m */,
				33D7555E164EA8A8003FA28A /* ElementManager.h */,
				33D7555F164EA8A8003FA28A /* ElementManager.m */,
			);
			name = Model;
			sourceTree = "<group>";
		};
		33D75565164EA9B5003FA28A /* ViewControllers */ = {
			isa = PBXGroup;
			children = (
				33ED679E1659023000D837BE /* Detail */,
				33ED679D1659021300D837BE /* Tabs */,
			);
			name = ViewControllers;
			sourceTree = "<group>";
		};
		33D75566164EA9DF003FA28A /* CoreData */ = {
			isa = PBXGroup;
			children = (
				33E4CC6B163433E1000693F4 /* Culturez_Vous.xcdatamodeld */,
				33ECE10C1657953300957CA2 /* Element.h */,
				33ECE10D1657953300957CA2 /* Element.m */,
				33ECE108165792D900957CA2 /* Definition.h */,
				33ECE109165792D900957CA2 /* Definition.m */,
				33E5880B16553DCA002BC6AD /* Word.h */,
				33E5880C16553DCA002BC6AD /* Word.m */,
				33E5880516553DCA002BC6AD /* Contrepeterie.h */,
				33E5880616553DCA002BC6AD /* Contrepeterie.m */,
			);
			name = CoreData;
			sourceTree = "<group>";
		};
		33E4CC42163433E1000693F4 = {
			isa = PBXGroup;
			children = (
				33E4CC59163433E1000693F4 /* Culturez-Vous */,
				3338650A16440EC500C37665 /* SMXMLDocument */,
				333864E91644012A00C37665 /* AFNetworking */,
				33E4CC50163433E1000693F4 /* Frameworks */,
				33E4CC4E163433E1000693F4 /* Products */,
			);
			sourceTree = "<group>";
		};
		33E4CC4E163433E1000693F4 /* Products */ = {
			isa = PBXGroup;
			children = (
				33E4CC4D163433E1000693F4 /* Culturez-Vous.app */,
			);
			name = Products;
			sourceTree = "<group>";
		};
		33E4CC50163433E1000693F4 /* Frameworks */ = {
			isa = PBXGroup;
			children = (
				33E4CC51163433E1000693F4 /* UIKit.framework */,
				33E4CC53163433E1000693F4 /* Foundation.framework */,
				33E4CC55163433E1000693F4 /* CoreGraphics.framework */,
				33E4CC57163433E1000693F4 /* CoreData.framework */,
			);
			name = Frameworks;
			sourceTree = "<group>";
		};
		33E4CC59163433E1000693F4 /* Culturez-Vous */ = {
			isa = PBXGroup;
			children = (
				33E4CC62163433E1000693F4 /* AppDelegate.h */,
				33E4CC63163433E1000693F4 /* AppDelegate.m */,
				33D75567164EB3EA003FA28A /* Common.h */,
				33D81EF51640712A00E531B4 /* Storyboard_iPhone.storyboard */,
				33D75564164EA99F003FA28A /* Model */,
				33D75565164EA9B5003FA28A /* ViewControllers */,
				333CBACA164FED37000A689D /* Utils */,
				33E4CC5A163433E1000693F4 /* Supporting Files */,
			);
			path = "Culturez-Vous";
			sourceTree = "<group>";
		};
		33E4CC5A163433E1000693F4 /* Supporting Files */ = {
			isa = PBXGroup;
			children = (
				33E4CC5B163433E1000693F4 /* Culturez-Vous-Info.plist */,
				33E4CC5C163433E1000693F4 /* InfoPlist.strings */,
				33E4CC5F163433E1000693F4 /* main.m */,
				33E4CC61163433E1000693F4 /* Culturez-Vous-Prefix.pch */,
				33E4CC65163433E1000693F4 /* Default.png */,
				33E4CC67163433E1000693F4 /* Default@2x.png */,
				33E4CC69163433E1000693F4 /* Default-568h@2x.png */,
			);
			name = "Supporting Files";
			sourceTree = "<group>";
		};
		33ED679D1659021300D837BE /* Tabs */ = {
			isa = PBXGroup;
			children = (
				3306DE1A165061F000008F6A /* ElementTableViewCell.h */,
				3306DE1B165061F000008F6A /* ElementTableViewCell.m */,
				333CBADE1650022D000A689D /* WordstabTableViewController.h */,
				333CBADF1650022D000A689D /* WordstabTableViewController.m */,
				33ED679A1659018700D837BE /* ContrepeterieTableViewController.h */,
				33ED679B1659018700D837BE /* ContrepeterieTableViewController.m */,
				33ED67961658FD9A00D837BE /* ElementTableViewController.h */,
				33ED67971658FD9A00D837BE /* ElementTableViewController.m */,
				33ED679F165902BB00D837BE /* FavoritesTableViewController.h */,
				33ED67A0165902BB00D837BE /* FavoritesTableViewController.m */,
			);
			name = Tabs;
			sourceTree = "<group>";
		};
		33ED679E1659023000D837BE /* Detail */ = {
			isa = PBXGroup;
			children = (
				3306DE17165061CD00008F6A /* DetailDateCell.h */,
				3306DE18165061CD00008F6A /* DetailDateCell.m */,
				3306DE1D1650620D00008F6A /* DetailAuthorCell.h */,
				3306DE1E1650620D00008F6A /* DetailAuthorCell.m */,
				3306DE201650626800008F6A /* DetailWordDetailsCell.h */,
				3306DE211650626800008F6A /* DetailWordDetailsCell.m */,
				3306DE231650627E00008F6A /* DetailWordContentCell.h */,
				3306DE241650627E00008F6A /* DetailWordContentCell.m */,
				3306DE261650629300008F6A /* DetailCtpContentCell.h */,
				3306DE271650629300008F6A /* DetailCtpContentCell.m */,
				3306DE29165062A600008F6A /* DetailCtpSolutionCell.h */,
				3306DE2A165062A600008F6A /* DetailCtpSolutionCell.m */,
				33D81EFC164075A800E531B4 /* DetailTableViewController.h */,
				33D81EFD164075A800E531B4 /* DetailTableViewController.m */,
			);
			name = Detail;
			sourceTree = "<group>";
		};
/* End PBXGroup section */

/* Begin PBXNativeTarget section */
		33E4CC4C163433E1000693F4 /* Culturez-Vous */ = {
			isa = PBXNativeTarget;
			buildConfigurationList = 33E4CC70163433E1000693F4 /* Build configuration list for PBXNativeTarget "Culturez-Vous" */;
			buildPhases = (
				33E4CC49163433E1000693F4 /* Sources */,
				33E4CC4A163433E1000693F4 /* Frameworks */,
				33E4CC4B163433E1000693F4 /* Resources */,
			);
			buildRules = (
			);
			dependencies = (
			);
			name = "Culturez-Vous";
			productName = "Culturez-Vous";
			productReference = 33E4CC4D163433E1000693F4 /* Culturez-Vous.app */;
			productType = "com.apple.product-type.application";
		};
/* End PBXNativeTarget section */

/* Begin PBXProject section */
		33E4CC44163433E1000693F4 /* Project object */ = {
			isa = PBXProject;
			attributes = {
				LastUpgradeCheck = 0450;
				ORGANIZATIONNAME = "Damien Mayance & Matthieu Oger";
			};
			buildConfigurationList = 33E4CC47163433E1000693F4 /* Build configuration list for PBXProject "Culturez-Vous" */;
			compatibilityVersion = "Xcode 3.2";
			developmentRegion = English;
			hasScannedForEncodings = 0;
			knownRegions = (
				en,
			);
			mainGroup = 33E4CC42163433E1000693F4;
			productRefGroup = 33E4CC4E163433E1000693F4 /* Products */;
			projectDirPath = "";
			projectRoot = "";
			targets = (
				33E4CC4C163433E1000693F4 /* Culturez-Vous */,
			);
		};
/* End PBXProject section */

/* Begin PBXResourcesBuildPhase section */
		33E4CC4B163433E1000693F4 /* Resources */ = {
			isa = PBXResourcesBuildPhase;
			buildActionMask = 2147483647;
			files = (
				33E4CC5E163433E1000693F4 /* InfoPlist.strings in Resources */,
				33E4CC66163433E1000693F4 /* Default.png in Resources */,
				33E4CC68163433E1000693F4 /* Default@2x.png in Resources */,
				33E4CC6A163433E1000693F4 /* Default-568h@2x.png in Resources */,
				33D81EF81640712A00E531B4 /* Storyboard_iPhone.storyboard in Resources */,
				3338650E16440EC500C37665 /* README.md in Resources */,
			);
			runOnlyForDeploymentPostprocessing = 0;
		};
/* End PBXResourcesBuildPhase section */

/* Begin PBXSourcesBuildPhase section */
		33E4CC49163433E1000693F4 /* Sources */ = {
			isa = PBXSourcesBuildPhase;
			buildActionMask = 2147483647;
			files = (
				33E4CC60163433E1000693F4 /* main.m in Sources */,
				33E4CC64163433E1000693F4 /* AppDelegate.m in Sources */,
				33E4CC6D163433E1000693F4 /* Culturez_Vous.xcdatamodeld in Sources */,
				33D81EFB1640715500E531B4 /* ElementDownloader.m in Sources */,
				33D81EFE164075A800E531B4 /* DetailTableViewController.m in Sources */,
				333864FD1644012A00C37665 /* AFHTTPClient.m in Sources */,
				333864FE1644012A00C37665 /* AFHTTPRequestOperation.m in Sources */,
				333864FF1644012A00C37665 /* AFImageRequestOperation.m in Sources */,
				333865001644012A00C37665 /* AFJSONRequestOperation.m in Sources */,
				333865011644012A00C37665 /* AFNetworkActivityIndicatorManager.m in Sources */,
				333865021644012A00C37665 /* AFPropertyListRequestOperation.m in Sources */,
				333865031644012A00C37665 /* AFURLConnectionOperation.m in Sources */,
				333865041644012A00C37665 /* AFXMLRequestOperation.m in Sources */,
				333865051644012A00C37665 /* UIImageView+AFNetworking.m in Sources */,
				3338650F16440EC500C37665 /* SMXMLDocument.m in Sources */,
				33386512164419E900C37665 /* ElementCache.m in Sources */,
				33D75560164EA8A8003FA28A /* ElementManager.m in Sources */,
				333CBACE164FED4C000A689D /* DateFormatter.m in Sources */,
				333CBAE01650022D000A689D /* WordstabTableViewController.m in Sources */,
				3306DE19165061CD00008F6A /* DetailDateCell.m in Sources */,
				3306DE1C165061F000008F6A /* ElementTableViewCell.m in Sources */,
				3306DE1F1650620D00008F6A /* DetailAuthorCell.m in Sources */,
				3306DE221650626800008F6A /* DetailWordDetailsCell.m in Sources */,
				3306DE251650627E00008F6A /* DetailWordContentCell.m in Sources */,
				3306DE281650629300008F6A /* DetailCtpContentCell.m in Sources */,
				3306DE2B165062A600008F6A /* DetailCtpSolutionCell.m in Sources */,
				33E5880716553DCA002BC6AD /* Contrepeterie.m in Sources */,
				33E5880D16553DCA002BC6AD /* Word.m in Sources */,
				33ECE10A165792D900957CA2 /* Definition.m in Sources */,
				33ECE10E1657953300957CA2 /* Element.m in Sources */,
				33ED67981658FD9A00D837BE /* ElementTableViewController.m in Sources */,
				33ED679C1659018700D837BE /* ContrepeterieTableViewController.m in Sources */,
				33ED67A1165902BB00D837BE /* FavoritesTableViewController.m in Sources */,
			);
			runOnlyForDeploymentPostprocessing = 0;
		};
/* End PBXSourcesBuildPhase section */

/* Begin PBXVariantGroup section */
		33E4CC5C163433E1000693F4 /* InfoPlist.strings */ = {
			isa = PBXVariantGroup;
			children = (
				33E4CC5D163433E1000693F4 /* en */,
			);
			name = InfoPlist.strings;
			sourceTree = "<group>";
		};
/* End PBXVariantGroup section */

/* Begin XCBuildConfiguration section */
		33E4CC6E163433E1000693F4 /* Debug */ = {
			isa = XCBuildConfiguration;
			buildSettings = {
				ALWAYS_SEARCH_USER_PATHS = NO;
				CLANG_CXX_LANGUAGE_STANDARD = "gnu++0x";
				CLANG_CXX_LIBRARY = "libc++";
				CLANG_ENABLE_OBJC_ARC = YES;
				CLANG_WARN_EMPTY_BODY = YES;
				CLANG_WARN__DUPLICATE_METHOD_MATCH = YES;
				"CODE_SIGN_IDENTITY[sdk=iphoneos*]" = "iPhone Developer";
				COPY_PHASE_STRIP = NO;
				GCC_C_LANGUAGE_STANDARD = gnu99;
				GCC_DYNAMIC_NO_PIC = NO;
				GCC_OPTIMIZATION_LEVEL = 0;
				GCC_PREPROCESSOR_DEFINITIONS = (
					"DEBUG=1",
					"$(inherited)",
				);
				GCC_SYMBOLS_PRIVATE_EXTERN = NO;
				GCC_WARN_ABOUT_RETURN_TYPE = YES;
				GCC_WARN_UNINITIALIZED_AUTOS = YES;
				GCC_WARN_UNUSED_VARIABLE = YES;
				IPHONEOS_DEPLOYMENT_TARGET = 6.0;
				ONLY_ACTIVE_ARCH = YES;
				SDKROOT = iphoneos;
				TARGETED_DEVICE_FAMILY = "1,2";
			};
			name = Debug;
		};
		33E4CC6F163433E1000693F4 /* Release */ = {
			isa = XCBuildConfiguration;
			buildSettings = {
				ALWAYS_SEARCH_USER_PATHS = NO;
				CLANG_CXX_LANGUAGE_STANDARD = "gnu++0x";
				CLANG_CXX_LIBRARY = "libc++";
				CLANG_ENABLE_OBJC_ARC = YES;
				CLANG_WARN_EMPTY_BODY = YES;
				CLANG_WARN__DUPLICATE_METHOD_MATCH = YES;
				"CODE_SIGN_IDENTITY[sdk=iphoneos*]" = "iPhone Developer";
				COPY_PHASE_STRIP = YES;
				GCC_C_LANGUAGE_STANDARD = gnu99;
				GCC_WARN_ABOUT_RETURN_TYPE = YES;
				GCC_WARN_UNINITIALIZED_AUTOS = YES;
				GCC_WARN_UNUSED_VARIABLE = YES;
				IPHONEOS_DEPLOYMENT_TARGET = 6.0;
				OTHER_CFLAGS = "-DNS_BLOCK_ASSERTIONS=1";
				SDKROOT = iphoneos;
				TARGETED_DEVICE_FAMILY = "1,2";
				VALIDATE_PRODUCT = YES;
			};
			name = Release;
		};
		33E4CC71163433E1000693F4 /* Debug */ = {
			isa = XCBuildConfiguration;
			buildSettings = {
				GCC_PRECOMPILE_PREFIX_HEADER = YES;
				GCC_PREFIX_HEADER = "Culturez-Vous/Culturez-Vous-Prefix.pch";
				INFOPLIST_FILE = "Culturez-Vous/Culturez-Vous-Info.plist";
				PRODUCT_NAME = "$(TARGET_NAME)";
				WRAPPER_EXTENSION = app;
			};
			name = Debug;
		};
		33E4CC72163433E1000693F4 /* Release */ = {
			isa = XCBuildConfiguration;
			buildSettings = {
				GCC_PRECOMPILE_PREFIX_HEADER = YES;
				GCC_PREFIX_HEADER = "Culturez-Vous/Culturez-Vous-Prefix.pch";
				INFOPLIST_FILE = "Culturez-Vous/Culturez-Vous-Info.plist";
				PRODUCT_NAME = "$(TARGET_NAME)";
				WRAPPER_EXTENSION = app;
			};
			name = Release;
		};
/* End XCBuildConfiguration section */

/* Begin XCConfigurationList section */
		33E4CC47163433E1000693F4 /* Build configuration list for PBXProject "Culturez-Vous" */ = {
			isa = XCConfigurationList;
			buildConfigurations = (
				33E4CC6E163433E1000693F4 /* Debug */,
				33E4CC6F163433E1000693F4 /* Release */,
			);
			defaultConfigurationIsVisible = 0;
			defaultConfigurationName = Release;
		};
		33E4CC70163433E1000693F4 /* Build configuration list for PBXNativeTarget "Culturez-Vous" */ = {
			isa = XCConfigurationList;
			buildConfigurations = (
				33E4CC71163433E1000693F4 /* Debug */,
				33E4CC72163433E1000693F4 /* Release */,
			);
			defaultConfigurationIsVisible = 0;
			defaultConfigurationName = Release;
		};
/* End XCConfigurationList section */

/* Begin XCVersionGroup section */
		33E4CC6B163433E1000693F4 /* Culturez_Vous.xcdatamodeld */ = {
			isa = XCVersionGroup;
			children = (
				33E4CC6C163433E1000693F4 /* Culturez_Vous.xcdatamodel */,
			);
			currentVersion = 33E4CC6C163433E1000693F4 /* Culturez_Vous.xcdatamodel */;
			path = Culturez_Vous.xcdatamodeld;
			sourceTree = "<group>";
			versionGroupType = wrapper.xcdatamodel;
		};
/* End XCVersionGroup section */
	};
	rootObject = 33E4CC44163433E1000693F4 /* Project object */;
}
