
Microsoft Visual Studio Solution File, Format Version 12.00
# Visual Studio Express 2012 for Web
Project("{FAE04EC0-301F-11D3-BF4B-00C04F79EFBC}") = "CulturezVous.Service.Data", "CulturezVous.Service.Data\CulturezVous.Service.Data.csproj", "{5B2865DF-CC20-48D3-BF9A-2595D99BCF0F}"
EndProject
Project("{FAE04EC0-301F-11D3-BF4B-00C04F79EFBC}") = "CulturezVous.Web", "CulturezVous.Web\CulturezVous.Web.csproj", "{2062346C-EF27-4C63-90AA-05F5CF756327}"
EndProject
Project("{FAE04EC0-301F-11D3-BF4B-00C04F79EFBC}") = "CulturezVous.Webservice", "CulturezVous.Webservice\CulturezVous.Webservice.csproj", "{D5A30178-671E-416B-B4E9-54FF850CDF94}"
EndProject
Project("{FAE04EC0-301F-11D3-BF4B-00C04F79EFBC}") = "CulturezVous.BackOffice", "CulturezVous.BackOffice\CulturezVous.BackOffice.csproj", "{18391D2C-80C7-412B-AEFD-AAEEE14496B6}"
EndProject
Global
	GlobalSection(SolutionConfigurationPlatforms) = preSolution
		Debug|Any CPU = Debug|Any CPU
		Release|Any CPU = Release|Any CPU
	EndGlobalSection
	GlobalSection(ProjectConfigurationPlatforms) = postSolution
		{5B2865DF-CC20-48D3-BF9A-2595D99BCF0F}.Debug|Any CPU.ActiveCfg = Debug|Any CPU
		{5B2865DF-CC20-48D3-BF9A-2595D99BCF0F}.Debug|Any CPU.Build.0 = Debug|Any CPU
		{5B2865DF-CC20-48D3-BF9A-2595D99BCF0F}.Release|Any CPU.ActiveCfg = Release|Any CPU
		{5B2865DF-CC20-48D3-BF9A-2595D99BCF0F}.Release|Any CPU.Build.0 = Release|Any CPU
		{2062346C-EF27-4C63-90AA-05F5CF756327}.Debug|Any CPU.ActiveCfg = Debug|Any CPU
		{2062346C-EF27-4C63-90AA-05F5CF756327}.Debug|Any CPU.Build.0 = Debug|Any CPU
		{2062346C-EF27-4C63-90AA-05F5CF756327}.Release|Any CPU.ActiveCfg = Release|Any CPU
		{2062346C-EF27-4C63-90AA-05F5CF756327}.Release|Any CPU.Build.0 = Release|Any CPU
		{D5A30178-671E-416B-B4E9-54FF850CDF94}.Debug|Any CPU.ActiveCfg = Debug|Any CPU
		{D5A30178-671E-416B-B4E9-54FF850CDF94}.Debug|Any CPU.Build.0 = Debug|Any CPU
		{D5A30178-671E-416B-B4E9-54FF850CDF94}.Release|Any CPU.ActiveCfg = Release|Any CPU
		{D5A30178-671E-416B-B4E9-54FF850CDF94}.Release|Any CPU.Build.0 = Release|Any CPU
		{18391D2C-80C7-412B-AEFD-AAEEE14496B6}.Debug|Any CPU.ActiveCfg = Debug|Any CPU
		{18391D2C-80C7-412B-AEFD-AAEEE14496B6}.Debug|Any CPU.Build.0 = Debug|Any CPU
		{18391D2C-80C7-412B-AEFD-AAEEE14496B6}.Release|Any CPU.ActiveCfg = Release|Any CPU
		{18391D2C-80C7-412B-AEFD-AAEEE14496B6}.Release|Any CPU.Build.0 = Release|Any CPU
	EndGlobalSection
	GlobalSection(SolutionProperties) = preSolution
		HideSolutionNode = FALSE
	EndGlobalSection
EndGlobal
